
Microsoft Visual Studio Solution File, Format Version 12.00
# Visual Studio Version 17
VisualStudioVersion = 17.6.33829.357
MinimumVisualStudioVersion = 10.0.40219.1
Project("{FAE04EC0-301F-11D3-BF4B-00C04F79EFBC}") = "CrudTask.API", "CrudTask.API\CrudTask.API.csproj", "{7F81CAEE-1D45-4C18-9DE3-DFEB9053218C}"
EndProject
Global
	GlobalSection(SolutionConfigurationPlatforms) = preSolution
		Debug|Any CPU = Debug|Any CPU
		Release|Any CPU = Release|Any CPU
	EndGlobalSection
	GlobalSection(ProjectConfigurationPlatforms) = postSolution
		{7F81CAEE-1D45-4C18-9DE3-DFEB9053218C}.Debug|Any CPU.ActiveCfg = Debug|Any CPU
		{7F81CAEE-1D45-4C18-9DE3-DFEB9053218C}.Debug|Any CPU.Build.0 = Debug|Any CPU
		{7F81CAEE-1D45-4C18-9DE3-DFEB9053218C}.Release|Any CPU.ActiveCfg = Release|Any CPU
		{7F81CAEE-1D45-4C18-9DE3-DFEB9053218C}.Release|Any CPU.Build.0 = Release|Any CPU
	EndGlobalSection
	GlobalSection(SolutionProperties) = preSolution
		HideSolutionNode = FALSE
	EndGlobalSection
	GlobalSection(ExtensibilityGlobals) = postSolution
		SolutionGuid = {39995837-AAF7-4C05-969E-35A00B708CF0}
	EndGlobalSection
EndGlobal
